{
  "lockfile-version": 1,
  "manifest": {
    "schema-version": "1.17.0",
    "install": {
      "nodejs": {
        "pkg-path": "nodejs",
        "outputs": "all"
      }
    },
    "hook": {},
    "profile": {},
    "options": {}
  },
  "packages": [
    {
      "attr_path": "nodejs",
      "broken": false,
      "derivation": "/nix/store/kfalw8dhzga1b294cr5zz1diwgkigrra-nodejs-24.21.0.drv",
      "description": "Event-driven I/O framework for the V8 JavaScript engine",
      "install_id": "nodejs",
      "license": "MIT",
      "locked_url": "https://github.com/flox/nixpkgs?rev=494ce7fd23ff6a5dff39e1fb11e9b6f2ac74bf25",
      "name": "nodejs-24.21.0",
      "pname": "nodejs",
      "rev": "494ce7fd23ff6a5dff39e1fb11e9b6f2ac74bf25",
      "rev_count": 1085777,
      "rev_date": "2026-10-05T05:43:54Z",
      "scrape_date": "2026-10-06T05:01:03.282790Z",
      "stabilities": [
        "unstable"
      ],
      "unfree": false,
      "version": "24.21.0",
      "outputs_to_install": [
        "out"
      ],
      "outputs": {
        "out": "/nix/store/7cr3l1m9yyng2hscs8lj4x4bj0hm7908-nodejs-24.21.0"
      },
      "system": "aarch64-darwin",
      "group": "toplevel",
      "priority": 5
    },
    {
      "attr_path": "nodejs",
      "broken": false,
      "derivation": "/nix/store/ij09sr7m9ngn7iafal95327svx411rjf-nodejs-24.21.0.drv",
      "description": "Event-driven I/O framework for the V8 JavaScript engine",
      "install_id": "nodejs",
      "license": "MIT",
      "locked_url": "https://github.com/flox/nixpkgs?rev=494ce7fd23ff6a5dff39e1fb11e9b6f2ac74bf25",
      "name": "nodejs-24.21.0",
      "pname": "nodejs",
      "rev": "494ce7fd23ff6a5dff39e1fb11e9b6f2ac74bf25",
      "rev_count": 1085777,
      "rev_date": "2026-10-05T05:43:54Z",
      "scrape_date": "2026-10-06T05:34:32.725534Z",
      "stabilities": [
        "unstable"
      ],
      "unfree": false,
      "version": "24.21.0",
      "outputs_to_install": [
        "out"
      ],
      "outputs": {
        "out": "/nix/store/8lgcgi9riqm71v9ibjw5qjcwwr5nfm83-nodejs-24.21.0"
      },
      "system": "aarch64-linux",
      "group": "toplevel",
      "priority": 5
    },
    {
      "attr_path": "nodejs",
      "broken": false,
      "derivation": "/nix/store/m4gixiwcnhplm2mcd5nnd6i0lxncnyji-nodejs-24.21.0.drv",
      "description": "Event-driven I/O framework for the V8 JavaScript engine",
      "install_id": "nodejs",
      "license": "MIT",
      "locked_url": "https://github.com/flox/nixpkgs?rev=494ce7fd23ff6a5dff39e1fb11e9b6f2ac74bf25",
      "name": "nodejs-24.21.0",
      "pname": "nodejs",
      "rev": "494ce7fd23ff6a5dff39e1fb11e9b6f2ac74bf25",
      "rev_count": 1085777,
      "rev_date": "2026-10-05T05:43:54Z",
      "scrape_date": "2026-10-06T06:11:56.213900Z",
      "stabilities": [
        "unstable"
      ],
      "unfree": false,
      "version": "24.21.0",
      "outputs_to_install": [
        "out"
      ],
      "outputs": {
        "out": "/nix/store/gxq2cd70i077rah1d4hkzc1lpq8q4pv8-nodejs-24.21.0"
      },
      "system": "x86_64-linux",
      "group": "toplevel",
      "priority": 5
    }
  ]
}
